
Microsoft Visual Studio Solution File, Format Version 12.00
# Visual Studio 15
VisualStudioVersion = 15.0.27130.2010
MinimumVisualStudioVersion = 10.0.40219.1
Project("{FAE04EC0-301F-11D3-BF4B-00C04F79EFBC}") = "Openpay.Xamarin.Abstractions", "Openpay.Xamarin.Abstractions\Openpay.Xamarin.Abstractions.csproj", "{E0081281-8DC6-46A9-8642-F592378D974C}"
EndProject
Project("{FAE04EC0-301F-11D3-BF4B-00C04F79EFBC}") = "Openpay.Xamarin", "Openpay.Xamarin\Openpay.Xamarin.csproj", "{64947980-AE90-4F23-BDD4-76F2BBC0FA79}"
EndProject
Project("{FAE04EC0-301F-11D3-BF4B-00C04F79EFBC}") = "Openpay.Xamarin.Android", "Openpay.Xamarin.Android\Openpay.Xamarin.Android.csproj", "{50DACFC8-3D33-4C90-B8E8-69E3D3557FD8}"
EndProject
Project("{FAE04EC0-301F-11D3-BF4B-00C04F79EFBC}") = "Openpay.Xamarin.iOS", "Openpay.Xamarin.iOS\Openpay.Xamarin.iOS.csproj", "{4ED32A8C-5270-474D-96BE-019A48AACD98}"
EndProject
Project("{FAE04EC0-301F-11D3-BF4B-00C04F79EFBC}") = "Openpay.Bindings.Android", "Openpay.Bindings.Android\Openpay.Bindings.Android.csproj", "{2E6DDF8F-64A7-4E4D-A709-E164AD31B496}"
EndProject
Project("{D954291E-2A0B-460D-934E-DC6B0785DB48}") = "OpenpayXamarinSample", "..\samples\OpenpayXamarinSample\OpenpayXamarinSample.shproj", "{ABA62742-1610-436C-B57C-EF4B099F2236}"
EndProject
Project("{FAE04EC0-301F-11D3-BF4B-00C04F79EFBC}") = "OpenpayXamarinSample.iOS", "..\samples\iOS\OpenpayXamarinSample.iOS.csproj", "{0DF705C8-D212-40F9-823A-892143A3BEC0}"
EndProject
Project("{FAE04EC0-301F-11D3-BF4B-00C04F79EFBC}") = "OpenpayXamarinSample.Droid", "..\samples\Droid\OpenpayXamarinSample.Droid.csproj", "{EA8890F3-97C1-45A2-8667-780D50EEE158}"
EndProject
Global
	GlobalSection(SolutionConfigurationPlatforms) = preSolution
		Debug|Any CPU = Debug|Any CPU
		Release|Any CPU = Release|Any CPU
		Debug|iPhoneSimulator = Debug|iPhoneSimulator
		Release|iPhone = Release|iPhone
		Release|iPhoneSimulator = Release|iPhoneSimulator
		Debug|iPhone = Debug|iPhone
	EndGlobalSection
	GlobalSection(ProjectConfigurationPlatforms) = postSolution
		{E0081281-8DC6-46A9-8642-F592378D974C}.Debug|Any CPU.ActiveCfg = Debug|Any CPU
		{E0081281-8DC6-46A9-8642-F592378D974C}.Debug|Any CPU.Build.0 = Debug|Any CPU
		{E0081281-8DC6-46A9-8642-F592378D974C}.Release|Any CPU.ActiveCfg = Release|Any CPU
		{E0081281-8DC6-46A9-8642-F592378D974C}.Release|Any CPU.Build.0 = Release|Any CPU
		{E0081281-8DC6-46A9-8642-F592378D974C}.Debug|iPhoneSimulator.ActiveCfg = Debug|Any CPU
		{E0081281-8DC6-46A9-8642-F592378D974C}.Debug|iPhoneSimulator.Build.0 = Debug|Any CPU
		{E0081281-8DC6-46A9-8642-F592378D974C}.Release|iPhone.ActiveCfg = Release|Any CPU
		{E0081281-8DC6-46A9-8642-F592378D974C}.Release|iPhone.Build.0 = Release|Any CPU
		{E0081281-8DC6-46A9-8642-F592378D974C}.Release|iPhoneSimulator.ActiveCfg = Release|Any CPU
		{E0081281-8DC6-46A9-8642-F592378D974C}.Release|iPhoneSimulator.Build.0 = Release|Any CPU
		{E0081281-8DC6-46A9-8642-F592378D974C}.Debug|iPhone.ActiveCfg = Debug|Any CPU
		{E0081281-8DC6-46A9-8642-F592378D974C}.Debug|iPhone.Build.0 = Debug|Any CPU
		{64947980-AE90-4F23-BDD4-76F2BBC0FA79}.Debug|Any CPU.ActiveCfg = Debug|Any CPU
		{64947980-AE90-4F23-BDD4-76F2BBC0FA79}.Debug|Any CPU.Build.0 = Debug|Any CPU
		{64947980-AE90-4F23-BDD4-76F2BBC0FA79}.Release|Any CPU.ActiveCfg = Release|Any CPU
		{64947980-AE90-4F23-BDD4-76F2BBC0FA79}.Release|Any CPU.Build.0 = Release|Any CPU
		{64947980-AE90-4F23-BDD4-76F2BBC0FA79}.Debug|iPhoneSimulator.ActiveCfg = Debug|Any CPU
		{64947980-AE90-4F23-BDD4-76F2BBC0FA79}.Debug|iPhoneSimulator.Build.0 = Debug|Any CPU
		{64947980-AE90-4F23-BDD4-76F2BBC0FA79}.Release|iPhone.ActiveCfg = Release|Any CPU
		{64947980-AE90-4F23-BDD4-76F2BBC0FA79}.Release|iPhone.Build.0 = Release|Any CPU
		{64947980-AE90-4F23-BDD4-76F2BBC0FA79}.Release|iPhoneSimulator.ActiveCfg = Release|Any CPU
		{64947980-AE90-4F23-BDD4-76F2BBC0FA79}.Release|iPhoneSimulator.Build.0 = Release|Any CPU
		{64947980-AE90-4F23-BDD4-76F2BBC0FA79}.Debug|iPhone.ActiveCfg = Debug|Any CPU
		{64947980-AE90-4F23-BDD4-76F2BBC0FA79}.Debug|iPhone.Build.0 = Debug|Any CPU
		{50DACFC8-3D33-4C90-B8E8-69E3D3557FD8}.Debug|Any CPU.ActiveCfg = Debug|Any CPU
		{50DACFC8-3D33-4C90-B8E8-69E3D3557FD8}.Debug|Any CPU.Build.0 = Debug|Any CPU
		{50DACFC8-3D33-4C90-B8E8-69E3D3557FD8}.Release|Any CPU.ActiveCfg = Release|Any CPU
		{50DACFC8-3D33-4C90-B8E8-69E3D3557FD8}.Release|Any CPU.Build.0 = Release|Any CPU
		{50DACFC8-3D33-4C90-B8E8-69E3D3557FD8}.Debug|iPhoneSimulator.ActiveCfg = Debug|Any CPU
		{50DACFC8-3D33-4C90-B8E8-69E3D3557FD8}.Debug|iPhoneSimulator.Build.0 = Debug|Any CPU
		{50DACFC8-3D33-4C90-B8E8-69E3D3557FD8}.Release|iPhone.ActiveCfg = Release|Any CPU
		{50DACFC8-3D33-4C90-B8E8-69E3D3557FD8}.Release|iPhone.Build.0 = Release|Any CPU
		{50DACFC8-3D33-4C90-B8E8-69E3D3557FD8}.Release|iPhoneSimulator.ActiveCfg = Release|Any CPU
		{50DACFC8-3D33-4C90-B8E8-69E3D3557FD8}.Release|iPhoneSimulator.Build.0 = Release|Any CPU
		{50DACFC8-3D33-4C90-B8E8-69E3D3557FD8}.Debug|iPhone.ActiveCfg = Debug|Any CPU
		{50DACFC8-3D33-4C90-B8E8-69E3D3557FD8}.Debug|iPhone.Build.0 = Debug|Any CPU
		{4ED32A8C-5270-474D-96BE-019A48AACD98}.Debug|Any CPU.ActiveCfg = Debug|Any CPU
		{4ED32A8C-5270-474D-96BE-019A48AACD98}.Debug|Any CPU.Build.0 = Debug|Any CPU
		{4ED32A8C-5270-474D-96BE-019A48AACD98}.Release|Any CPU.ActiveCfg = Release|Any CPU
		{4ED32A8C-5270-474D-96BE-019A48AACD98}.Release|Any CPU.Build.0 = Release|Any CPU
		{4ED32A8C-5270-474D-96BE-019A48AACD98}.Debug|iPhoneSimulator.ActiveCfg = Debug|Any CPU
		{4ED32A8C-5270-474D-96BE-019A48AACD98}.Debug|iPhoneSimulator.Build.0 = Debug|Any CPU
		{4ED32A8C-5270-474D-96BE-019A48AACD98}.Release|iPhone.ActiveCfg = Release|Any CPU
		{4ED32A8C-5270-474D-96BE-019A48AACD98}.Release|iPhone.Build.0 = Release|Any CPU
		{4ED32A8C-5270-474D-96BE-019A48AACD98}.Release|iPhoneSimulator.ActiveCfg = Release|Any CPU
		{4ED32A8C-5270-474D-96BE-019A48AACD98}.Release|iPhoneSimulator.Build.0 = Release|Any CPU
		{4ED32A8C-5270-474D-96BE-019A48AACD98}.Debug|iPhone.ActiveCfg = Debug|Any CPU
		{4ED32A8C-5270-474D-96BE-019A48AACD98}.Debug|iPhone.Build.0 = Debug|Any CPU
		{2E6DDF8F-64A7-4E4D-A709-E164AD31B496}.Debug|Any CPU.ActiveCfg = Debug|Any CPU
		{2E6DDF8F-64A7-4E4D-A709-E164AD31B496}.Debug|Any CPU.Build.0 = Debug|Any CPU
		{2E6DDF8F-64A7-4E4D-A709-E164AD31B496}.Release|Any CPU.ActiveCfg = Release|Any CPU
		{2E6DDF8F-64A7-4E4D-A709-E164AD31B496}.Release|Any CPU.Build.0 = Release|Any CPU
		{2E6DDF8F-64A7-4E4D-A709-E164AD31B496}.Debug|iPhoneSimulator.ActiveCfg = Debug|Any CPU
		{2E6DDF8F-64A7-4E4D-A709-E164AD31B496}.Debug|iPhoneSimulator.Build.0 = Debug|Any CPU
		{2E6DDF8F-64A7-4E4D-A709-E164AD31B496}.Release|iPhone.ActiveCfg = Release|Any CPU
		{2E6DDF8F-64A7-4E4D-A709-E164AD31B496}.Release|iPhone.Build.0 = Release|Any CPU
		{2E6DDF8F-64A7-4E4D-A709-E164AD31B496}.Release|iPhoneSimulator.ActiveCfg = Release|Any CPU
		{2E6DDF8F-64A7-4E4D-A709-E164AD31B496}.Release|iPhoneSimulator.Build.0 = Release|Any CPU
		{2E6DDF8F-64A7-4E4D-A709-E164AD31B496}.Debug|iPhone.ActiveCfg = Debug|Any CPU
		{2E6DDF8F-64A7-4E4D-A709-E164AD31B496}.Debug|iPhone.Build.0 = Debug|Any CPU
		{0DF705C8-D212-40F9-823A-892143A3BEC0}.Debug|Any CPU.ActiveCfg = Debug|iPhoneSimulator
		{0DF705C8-D212-40F9-823A-892143A3BEC0}.Debug|Any CPU.Build.0 = Debug|iPhoneSimulator
		{0DF705C8-D212-40F9-823A-892143A3BEC0}.Release|Any CPU.ActiveCfg = Release|iPhone
		{0DF705C8-D212-40F9-823A-892143A3BEC0}.Release|Any CPU.Build.0 = Release|iPhone
		{0DF705C8-D212-40F9-823A-892143A3BEC0}.Debug|iPhoneSimulator.ActiveCfg = Debug|iPhoneSimulator
		{0DF705C8-D212-40F9-823A-892143A3BEC0}.Debug|iPhoneSimulator.Build.0 = Debug|iPhoneSimulator
		{0DF705C8-D212-40F9-823A-892143A3BEC0}.Release|iPhone.ActiveCfg = Release|iPhone
		{0DF705C8-D212-40F9-823A-892143A3BEC0}.Release|iPhone.Build.0 = Release|iPhone
		{0DF705C8-D212-40F9-823A-892143A3BEC0}.Release|iPhoneSimulator.ActiveCfg = Release|iPhoneSimulator
		{0DF705C8-D212-40F9-823A-892143A3BEC0}.Release|iPhoneSimulator.Build.0 = Release|iPhoneSimulator
		{0DF705C8-D212-40F9-823A-892143A3BEC0}.Debug|iPhone.ActiveCfg = Debug|iPhone
		{0DF705C8-D212-40F9-823A-892143A3BEC0}.Debug|iPhone.Build.0 = Debug|iPhone
		{EA8890F3-97C1-45A2-8667-780D50EEE158}.Debug|Any CPU.ActiveCfg = Debug|Any CPU
		{EA8890F3-97C1-45A2-8667-780D50EEE158}.Debug|Any CPU.Build.0 = Debug|Any CPU
		{EA8890F3-97C1-45A2-8667-780D50EEE158}.Release|Any CPU.ActiveCfg = Release|Any CPU
		{EA8890F3-97C1-45A2-8667-780D50EEE158}.Release|Any CPU.Build.0 = Release|Any CPU
		{EA8890F3-97C1-45A2-8667-780D50EEE158}.Debug|iPhoneSimulator.ActiveCfg = Debug|Any CPU
		{EA8890F3-97C1-45A2-8667-780D50EEE158}.Debug|iPhoneSimulator.Build.0 = Debug|Any CPU
		{EA8890F3-97C1-45A2-8667-780D50EEE158}.Release|iPhone.ActiveCfg = Release|Any CPU
		{EA8890F3-97C1-45A2-8667-780D50EEE158}.Release|iPhone.Build.0 = Release|Any CPU
		{EA8890F3-97C1-45A2-8667-780D50EEE158}.Release|iPhoneSimulator.ActiveCfg = Release|Any CPU
		{EA8890F3-97C1-45A2-8667-780D50EEE158}.Release|iPhoneSimulator.Build.0 = Release|Any CPU
		{EA8890F3-97C1-45A2-8667-780D50EEE158}.Debug|iPhone.ActiveCfg = Debug|Any CPU
		{EA8890F3-97C1-45A2-8667-780D50EEE158}.Debug|iPhone.Build.0 = Debug|Any CPU
	EndGlobalSection
	GlobalSection(SolutionProperties) = preSolution
		HideSolutionNode = FALSE
	EndGlobalSection
	GlobalSection(ExtensibilityGlobals) = postSolution
		SolutionGuid = {F91199A5-366C-44B8-AF8E-7E5479DE1DEE}
	EndGlobalSection
EndGlobal
