
Microsoft Visual Studio Solution File, Format Version 12.00
# Visual Studio 15
VisualStudioVersion = 15.0.28010.2048
MinimumVisualStudioVersion = 10.0.40219.1
Project("{FAE04EC0-301F-11D3-BF4B-00C04F79EFBC}") = "Openpay.Xamarin", "Openpay.Xamarin\Openpay.Xamarin.csproj", "{DEF9DE5B-8471-4BD9-B547-8D52525A1EA0}"
EndProject
Global
	GlobalSection(SolutionConfigurationPlatforms) = preSolution
		Debug|Any CPU = Debug|Any CPU
		Release|Any CPU = Release|Any CPU
	EndGlobalSection
	GlobalSection(ProjectConfigurationPlatforms) = postSolution
		{DEF9DE5B-8471-4BD9-B547-8D52525A1EA0}.Debug|Any CPU.ActiveCfg = Debug|Any CPU
		{DEF9DE5B-8471-4BD9-B547-8D52525A1EA0}.Debug|Any CPU.Build.0 = Debug|Any CPU
		{DEF9DE5B-8471-4BD9-B547-8D52525A1EA0}.Release|Any CPU.ActiveCfg = Release|Any CPU
		{DEF9DE5B-8471-4BD9-B547-8D52525A1EA0}.Release|Any CPU.Build.0 = Release|Any CPU
	EndGlobalSection
	GlobalSection(SolutionProperties) = preSolution
		HideSolutionNode = FALSE
	EndGlobalSection
	GlobalSection(ExtensibilityGlobals) = postSolution
		SolutionGuid = {B1676262-F85B-4074-9D1F-3A0D63C8766A}
	EndGlobalSection
EndGlobal
